<?xml version="1.0" encoding="UTF-8" standalone="yes" ?>
<CodeBlocks_project_file>
	<FileVersion major="1" minor="6" />
	<Project>
		<Option title="Trabajo Practico Final COM 4 LAB 2" />
		<Option pch_mode="2" />
		<Option compiler="gcc" />
		<Build>
			<Target title="Debug">
				<Option output="bin/Debug/dssd" prefix_auto="1" extension_auto="1" />
				<Option object_output="obj/Debug/" />
				<Option type="1" />
				<Option compiler="gcc" />
				<Compiler>
					<Add option="-g" />
				</Compiler>
			</Target>
			<Target title="Release">
				<Option output="bin/Release/dssd" prefix_auto="1" extension_auto="1" />
				<Option object_output="obj/Release/" />
				<Option type="1" />
				<Option compiler="gcc" />
				<Compiler>
					<Add option="-O2" />
				</Compiler>
				<Linker>
					<Add option="-s" />
				</Linker>
			</Target>
		</Build>
		<Compiler>
			<Add option="-Wall" />
		</Compiler>
		<Unit filename="Arbol.c">
			<Option compilerVar="CC" />
		</Unit>
		<Unit filename="Arbol.h" />
		<Unit filename="Arreglo.c">
			<Option compilerVar="CC" />
		</Unit>
		<Unit filename="Arreglo.h" />
		<Unit filename="Fila.c">
			<Option compilerVar="CC" />
		</Unit>
		<Unit filename="Fila.h" />
		<Unit filename="Listas.c">
			<Option compilerVar="CC" />
		</Unit>
		<Unit filename="Listas.h" />
		<Unit filename="StructsGlobales.h" />
		<Unit filename="main.c">
			<Option compilerVar="CC" />
		</Unit>
		<Extensions />
	</Project>
</CodeBlocks_project_file>
